{
  "version": 4,
  "terraform_version": "1.14.5",
  "serial": 26,
  "lineage": "5b32407c-38fd-63b2-aeee-3d61753f5ebd",
  "outputs": {},
  "resources": [
    {
      "mode": "data",
      "type": "aws_ami",
      "name": "ramineni",
      "provider": "provider[\"registry.terraform.io/hashicorp/aws\"]",
      "instances": [
        {
          "schema_version": 0,
          "attributes": {
            "allow_unsafe_filter": null,
            "architecture": "x86_64",
            "arn": "arn:aws:ec2:us-east-1::image/ami-0220d79f3f480ecf5",
            "block_device_mappings": [
              {
                "device_name": "/dev/sda1",
                "ebs": {
                  "delete_on_termination": "true",
                  "encrypted": "false",
                  "iops": "3000",
                  "snapshot_id": "snap-0392f823dead734e3",
                  "throughput": "125",
                  "volume_initialization_rate": "0",
                  "volume_size": "20",
                  "volume_type": "gp3"
                },
                "no_device": "",
                "virtual_name": ""
              }
            ],
            "boot_mode": "uefi-preferred",
            "creation_date": "2026-01-14T00:00:26.000Z",
            "deprecation_time": "2028-01-14T00:00:26.000Z",
            "description": "Redhat-9-DevOps-Practice",
            "ena_support": true,
            "executable_users": null,
            "filter": [
              {
                "name": "name",
                "values": [
                  "Redhat-9-DevOps-Practice"
                ]
              },
              {
                "name": "root-device-type",
                "values": [
                  "ebs"
                ]
              },
              {
                "name": "virtualization-type",
                "values": [
                  "hvm"
                ]
              }
            ],
            "hypervisor": "xen",
            "id": "ami-0220d79f3f480ecf5",
            "image_id": "ami-0220d79f3f480ecf5",
            "image_location": "973714476881/Redhat-9-DevOps-Practice",
            "image_owner_alias": "",
            "image_type": "machine",
            "imds_support": "",
            "include_deprecated": false,
            "kernel_id": "",
            "last_launched_time": "",
            "most_recent": true,
            "name": "Redhat-9-DevOps-Practice",
            "name_regex": null,
            "owner_id": "973714476881",
            "owners": [
              "973714476881"
            ],
            "platform": "",
            "platform_details": "Red Hat Enterprise Linux",
            "product_codes": [],
            "public": true,
            "ramdisk_id": "",
            "region": "us-east-1",
            "root_device_name": "/dev/sda1",
            "root_device_type": "ebs",
            "root_snapshot_id": "snap-0392f823dead734e3",
            "sriov_net_support": "simple",
            "state": "available",
            "state_reason": {
              "code": "UNSET",
              "message": "UNSET"
            },
            "tags": {},
            "timeouts": null,
            "tpm_support": "",
            "uefi_data": null,
            "usage_operation": "RunInstances:0010",
            "virtualization_type": "hvm"
          },
          "sensitive_attributes": [],
          "identity_schema_version": 0
        }
      ]
    },
    {
      "mode": "managed",
      "type": "aws_instance",
      "name": "workstation",
      "provider": "provider[\"registry.terraform.io/hashicorp/aws\"]",
      "instances": [
        {
          "schema_version": 2,
          "attributes": {
            "ami": "ami-0220d79f3f480ecf5",
            "arn": "arn:aws:ec2:us-east-1:212984411695:instance/i-0c7299f9c88159e66",
            "associate_public_ip_address": true,
            "availability_zone": "us-east-1f",
            "capacity_reservation_specification": [
              {
                "capacity_reservation_preference": "open",
                "capacity_reservation_target": []
              }
            ],
            "cpu_options": [
              {
                "amd_sev_snp": "",
                "core_count": 1,
                "nested_virtualization": "",
                "threads_per_core": 2
              }
            ],
            "credit_specification": [
              {
                "cpu_credits": "unlimited"
              }
            ],
            "disable_api_stop": false,
            "disable_api_termination": false,
            "ebs_block_device": [],
            "ebs_optimized": false,
            "enable_primary_ipv6": null,
            "enclave_options": [
              {
                "enabled": false
              }
            ],
            "ephemeral_block_device": [],
            "force_destroy": false,
            "get_password_data": false,
            "hibernation": false,
            "host_id": "",
            "host_resource_group_arn": null,
            "iam_instance_profile": "",
            "id": "i-0c7299f9c88159e66",
            "instance_initiated_shutdown_behavior": "stop",
            "instance_lifecycle": "",
            "instance_market_options": [],
            "instance_state": "running",
            "instance_type": "t3.micro",
            "ipv6_address_count": 0,
            "ipv6_addresses": [],
            "key_name": "",
            "launch_template": [],
            "maintenance_options": [
              {
                "auto_recovery": "default"
              }
            ],
            "metadata_options": [
              {
                "http_endpoint": "enabled",
                "http_protocol_ipv6": "disabled",
                "http_put_response_hop_limit": 1,
                "http_tokens": "optional",
                "instance_metadata_tags": "disabled"
              }
            ],
            "monitoring": false,
            "network_interface": [],
            "outpost_arn": "",
            "password_data": "",
            "placement_group": "",
            "placement_group_id": "",
            "placement_partition_number": 0,
            "primary_network_interface": [
              {
                "delete_on_termination": true,
                "network_interface_id": "eni-05e7b3dd7297be96a"
              }
            ],
            "primary_network_interface_id": "eni-05e7b3dd7297be96a",
            "private_dns": "ip-172-31-70-179.ec2.internal",
            "private_dns_name_options": [
              {
                "enable_resource_name_dns_a_record": false,
                "enable_resource_name_dns_aaaa_record": false,
                "hostname_type": "ip-name"
              }
            ],
            "private_ip": "172.31.70.179",
            "public_dns": "ec2-44-200-42-100.compute-1.amazonaws.com",
            "public_ip": "44.200.42.100",
            "region": "us-east-1",
            "root_block_device": [
              {
                "delete_on_termination": true,
                "device_name": "/dev/sda1",
                "encrypted": false,
                "iops": 3000,
                "kms_key_id": "",
                "tags": {
                  "Environment": "dev",
                  "Name": "roboshop-dev-workstation",
                  "Project": "roboshop",
                  "Terraform": "true"
                },
                "tags_all": {
                  "Environment": "dev",
                  "Name": "roboshop-dev-workstation",
                  "Project": "roboshop",
                  "Terraform": "true"
                },
                "throughput": 125,
                "volume_id": "vol-0a539ba9b94fb8232",
                "volume_size": 50,
                "volume_type": "gp3"
              }
            ],
            "secondary_network_interface": [],
            "secondary_private_ips": [],
            "security_groups": [
              "allow-all-workstation"
            ],
            "source_dest_check": true,
            "spot_instance_request_id": "",
            "subnet_id": "subnet-0e65259568f3a5d81",
            "tags": {
              "Environment": "dev",
              "Name": "roboshop-dev-workstation",
              "Project": "roboshop",
              "Terraform": "true"
            },
            "tags_all": {
              "Environment": "dev",
              "Name": "roboshop-dev-workstation",
              "Project": "roboshop",
              "Terraform": "true"
            },
            "tenancy": "default",
            "timeouts": null,
            "user_data": "#!/bin/bash\n\ngrowpart /dev/nvme0n1 4\nlvextend -L +30G /dev/RootVG/varVol\nxfs_growfs /var\n\n# Docker\ndnf -y install dnf-plugins-core\ndnf config-manager --add-repo https://download.docker.com/linux/rhel/docker-ce.repo\ndnf install docker-ce docker-ce-cli containerd.io docker-buildx-plugin docker-compose-plugin -y\nsystemctl start docker\nsystemctl enable docker\nusermod -aG docker ec2-user\n\n# eksctl\nARCH=amd64\nPLATFORM=$(uname -s)_$ARCH\n\ncurl -sLO \"https://github.com/eksctl-io/eksctl/releases/latest/download/eksctl_$PLATFORM.tar.gz\"\ntar -xzf eksctl_$PLATFORM.tar.gz -C /tmp \u0026\u0026 rm eksctl_$PLATFORM.tar.gz\nsudo install -m 0755 /tmp/eksctl /usr/local/bin \u0026\u0026 rm /tmp/eksctl\n\n# kubectl\ncurl -O https://s3.us-west-2.amazonaws.com/amazon-eks/1.35.2/2026-02-27/bin/linux/amd64/kubectl\nchmod +x ./kubectl\ncp kubectl /usr/local/bin/kubectl\n\n# kubens (part of kubectx)\ncurl -sLo /usr/local/bin/kubens https://raw.githubusercontent.com/ahmetb/kubectx/master/kubens\nchmod +x /usr/local/bin/kubens\n\n# k9s\ncurl -sLO \"https://github.com/derailed/k9s/releases/latest/download/k9s_Linux_amd64.tar.gz\"\ntar -xzf k9s_Linux_amd64.tar.gz -C /tmp \u0026\u0026 rm k9s_Linux_amd64.tar.gz\nsudo install -m 0755 /tmp/k9s /usr/local/bin \u0026\u0026 rm /tmp/k9s\n\n# helm3\ncurl -fsSL -o get_helm.sh https://raw.githubusercontent.com/helm/helm/main/scripts/get-helm-3\nchmod 700 get_helm.sh\n./get_helm.sh\n\n# AWS CLI configure for ec2-user\nmkdir -p /home/ec2-user/.aws\ncat \u003c\u003cEOF \u003e /home/ec2-user/.aws/credentials\n[default]\naws_access_key_id = AKIATDFW4GYXXJHPI5MP\naws_secret_access_key = 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\nEOF\n\ncat \u003c\u003cEOF \u003e /home/ec2-user/.aws/config\n[default]\nregion = us-east-1\noutput = json\nEOF\n\nchown -R ec2-user:ec2-user /home/ec2-user/.aws\nchmod 600 /home/ec2-user/.aws/credentials\nchmod 600 /home/ec2-user/.aws/config\n\n# Clone eksctl repo and create EKS cluster\ncd /home/ec2-user\nsudo -u ec2-user git clone https://github.com/HarishRamineni45/eksctl.git\ncd /home/ec2-user/eksctl\nsudo -u ec2-user /usr/local/bin/eksctl create cluster -f eks.yaml\n\n# Authenticate kubectl with the cluster\nsudo -u ec2-user aws eks update-kubeconfig --region us-east-1 --name roboshop\nsudo -u ec2-user /usr/local/bin/kubectl get nodes\n",
            "user_data_base64": null,
            "user_data_replace_on_change": false,
            "volume_tags": null,
            "vpc_security_group_ids": [
              "sg-015a28992c1cd43cd"
            ]
          },
          "sensitive_attributes": [
            [
              {
                "type": "get_attr",
                "value": "user_data"
              }
            ]
          ],
          "identity_schema_version": 0,
          "identity": {
            "account_id": "212984411695",
            "id": "i-0c7299f9c88159e66",
            "region": "us-east-1"
          },
          "private": "eyJlMmJmYjczMC1lY2FhLTExZTYtOGY4OC0zNDM2M2JjN2M0YzAiOnsiY3JlYXRlIjo2MDAwMDAwMDAwMDAsImRlbGV0ZSI6MTIwMDAwMDAwMDAwMCwicmVhZCI6OTAwMDAwMDAwMDAwLCJ1cGRhdGUiOjYwMDAwMDAwMDAwMH0sInNjaGVtYV92ZXJzaW9uIjoiMiJ9",
          "dependencies": [
            "aws_security_group.workstation",
            "data.aws_ami.ramineni"
          ]
        }
      ]
    },
    {
      "mode": "managed",
      "type": "aws_security_group",
      "name": "workstation",
      "provider": "provider[\"registry.terraform.io/hashicorp/aws\"]",
      "instances": [
        {
          "schema_version": 1,
          "attributes": {
            "arn": "arn:aws:ec2:us-east-1:212984411695:security-group/sg-015a28992c1cd43cd",
            "description": "Allow TLS inbound traffic and all outbound traffic",
            "egress": [
              {
                "cidr_blocks": [
                  "0.0.0.0/0"
                ],
                "description": "",
                "from_port": 0,
                "ipv6_cidr_blocks": [
                  "::/0"
                ],
                "prefix_list_ids": [],
                "protocol": "-1",
                "security_groups": [],
                "self": false,
                "to_port": 0
              }
            ],
            "id": "sg-015a28992c1cd43cd",
            "ingress": [
              {
                "cidr_blocks": [
                  "0.0.0.0/0"
                ],
                "description": "",
                "from_port": 0,
                "ipv6_cidr_blocks": [
                  "::/0"
                ],
                "prefix_list_ids": [],
                "protocol": "-1",
                "security_groups": [],
                "self": false,
                "to_port": 0
              }
            ],
            "name": "allow-all-workstation",
            "name_prefix": "",
            "owner_id": "212984411695",
            "region": "us-east-1",
            "revoke_rules_on_delete": false,
            "tags": {
              "Name": "allow-all-workstation"
            },
            "tags_all": {
              "Name": "allow-all-workstation"
            },
            "timeouts": null,
            "vpc_id": "vpc-085cf5c97012c810b"
          },
          "sensitive_attributes": [],
          "identity_schema_version": 0,
          "identity": {
            "account_id": "212984411695",
            "id": "sg-015a28992c1cd43cd",
            "region": "us-east-1"
          },
          "private": "eyJlMmJmYjczMC1lY2FhLTExZTYtOGY4OC0zNDM2M2JjN2M0YzAiOnsiY3JlYXRlIjo2MDAwMDAwMDAwMDAsImRlbGV0ZSI6OTAwMDAwMDAwMDAwfSwic2NoZW1hX3ZlcnNpb24iOiIxIn0=",
          "create_before_destroy": true
        }
      ]
    },
    {
      "mode": "managed",
      "type": "terraform_data",
      "name": "cluster_destroy",
      "provider": "provider[\"terraform.io/builtin/terraform\"]",
      "instances": [
        {
          "schema_version": 0,
          "attributes": {
            "id": "67640afd-1334-ede8-7395-69c9babf09d1",
            "input": {
              "value": {
                "host": "44.200.42.100",
                "password": "DevOps@321"
              },
              "type": [
                "object",
                {
                  "host": "string",
                  "password": "string"
                }
              ]
            },
            "output": {
              "value": {
                "host": "44.200.42.100",
                "password": "DevOps@321"
              },
              "type": [
                "object",
                {
                  "host": "string",
                  "password": "string"
                }
              ]
            },
            "triggers_replace": null
          },
          "sensitive_attributes": [
            [
              {
                "type": "get_attr",
                "value": "input"
              },
              {
                "type": "get_attr",
                "value": "password"
              }
            ]
          ],
          "identity_schema_version": 0,
          "dependencies": [
            "aws_instance.workstation",
            "aws_security_group.workstation",
            "data.aws_ami.ramineni"
          ]
        }
      ]
    }
  ],
  "check_results": null
}
